
Microsoft Visual Studio Solution File, Format Version 12.00
# Visual Studio Version 16
VisualStudioVersion = 16.0.29418.71
MinimumVisualStudioVersion = 10.0.40219.1
Project("{FAE04EC0-301F-11D3-BF4B-00C04F79EFBC}") = "BinarySearchTree", "BinarySearchTree\BinarySearchTree.csproj", "{BC1FBEA7-B39F-486A-BCE6-6E908DD3640C}"
EndProject
Global
	GlobalSection(SolutionConfigurationPlatforms) = preSolution
		Debug|Any CPU = Debug|Any CPU
		Release|Any CPU = Release|Any CPU
	EndGlobalSection
	GlobalSection(ProjectConfigurationPlatforms) = postSolution
		{BC1FBEA7-B39F-486A-BCE6-6E908DD3640C}.Debug|Any CPU.ActiveCfg = Debug|Any CPU
		{BC1FBEA7-B39F-486A-BCE6-6E908DD3640C}.Debug|Any CPU.Build.0 = Debug|Any CPU
		{BC1FBEA7-B39F-486A-BCE6-6E908DD3640C}.Release|Any CPU.ActiveCfg = Release|Any CPU
		{BC1FBEA7-B39F-486A-BCE6-6E908DD3640C}.Release|Any CPU.Build.0 = Release|Any CPU
	EndGlobalSection
	GlobalSection(SolutionProperties) = preSolution
		HideSolutionNode = FALSE
	EndGlobalSection
	GlobalSection(ExtensibilityGlobals) = postSolution
		SolutionGuid = {6D01394F-F8DC-426D-A83F-7FA23996ADE7}
	EndGlobalSection
EndGlobal
